
Microsoft Visual Studio Solution File, Format Version 12.00
# Visual Studio 15
VisualStudioVersion = 15.0.28307.572
MinimumVisualStudioVersion = 10.0.40219.1
Project("{FAE04EC0-301F-11D3-BF4B-00C04F79EFBC}") = "Northwind.WinForm", "Northwind.WinForm\Northwind.WinForm.csproj", "{AF97044B-0A1E-4007-963F-7CF0EB6C344B}"
	ProjectSection(ProjectDependencies) = postProject
		{DAFF7591-4286-4DE7-8C49-5640249FE3F9} = {DAFF7591-4286-4DE7-8C49-5640249FE3F9}
	EndProjectSection
EndProject
Project("{FAE04EC0-301F-11D3-BF4B-00C04F79EFBC}") = "Northwind.Entity", "Northwind.Entity\Northwind.Entity.csproj", "{4BCF4719-C592-4AE5-8578-3175AB4C7ABD}"
EndProject
Project("{FAE04EC0-301F-11D3-BF4B-00C04F79EFBC}") = "Northwind.Repository", "Northwind.Repository\Northwind.Repository.csproj", "{C541D1A1-067C-42FB-A4B5-ABC325B476A6}"
EndProject
Project("{FAE04EC0-301F-11D3-BF4B-00C04F79EFBC}") = "Northwind.WCF", "Northwind.WCF\Northwind.WCF.csproj", "{DAFF7591-4286-4DE7-8C49-5640249FE3F9}"
EndProject
Project("{FAE04EC0-301F-11D3-BF4B-00C04F79EFBC}") = "Northwind.DTO", "Northwind.DTO\Northwind.DTO.csproj", "{22553C1C-DA58-4706-B627-092A3A9E1131}"
EndProject
Project("{FAE04EC0-301F-11D3-BF4B-00C04F79EFBC}") = "Northwind.Extensions", "Northwind.Extensions\Northwind.Extensions.csproj", "{BA6AECD7-2228-4A79-A9D5-CEC618B63BEC}"
EndProject
Global
	GlobalSection(SolutionConfigurationPlatforms) = preSolution
		Debug|Any CPU = Debug|Any CPU
		Release|Any CPU = Release|Any CPU
	EndGlobalSection
	GlobalSection(ProjectConfigurationPlatforms) = postSolution
		{AF97044B-0A1E-4007-963F-7CF0EB6C344B}.Debug|Any CPU.ActiveCfg = Debug|Any CPU
		{AF97044B-0A1E-4007-963F-7CF0EB6C344B}.Debug|Any CPU.Build.0 = Debug|Any CPU
		{AF97044B-0A1E-4007-963F-7CF0EB6C344B}.Release|Any CPU.ActiveCfg = Release|Any CPU
		{AF97044B-0A1E-4007-963F-7CF0EB6C344B}.Release|Any CPU.Build.0 = Release|Any CPU
		{4BCF4719-C592-4AE5-8578-3175AB4C7ABD}.Debug|Any CPU.ActiveCfg = Debug|Any CPU
		{4BCF4719-C592-4AE5-8578-3175AB4C7ABD}.Debug|Any CPU.Build.0 = Debug|Any CPU
		{4BCF4719-C592-4AE5-8578-3175AB4C7ABD}.Release|Any CPU.ActiveCfg = Release|Any CPU
		{4BCF4719-C592-4AE5-8578-3175AB4C7ABD}.Release|Any CPU.Build.0 = Release|Any CPU
		{C541D1A1-067C-42FB-A4B5-ABC325B476A6}.Debug|Any CPU.ActiveCfg = Debug|Any CPU
		{C541D1A1-067C-42FB-A4B5-ABC325B476A6}.Debug|Any CPU.Build.0 = Debug|Any CPU
		{C541D1A1-067C-42FB-A4B5-ABC325B476A6}.Release|Any CPU.ActiveCfg = Release|Any CPU
		{C541D1A1-067C-42FB-A4B5-ABC325B476A6}.Release|Any CPU.Build.0 = Release|Any CPU
		{DAFF7591-4286-4DE7-8C49-5640249FE3F9}.Debug|Any CPU.ActiveCfg = Debug|Any CPU
		{DAFF7591-4286-4DE7-8C49-5640249FE3F9}.Debug|Any CPU.Build.0 = Debug|Any CPU
		{DAFF7591-4286-4DE7-8C49-5640249FE3F9}.Release|Any CPU.ActiveCfg = Release|Any CPU
		{DAFF7591-4286-4DE7-8C49-5640249FE3F9}.Release|Any CPU.Build.0 = Release|Any CPU
		{22553C1C-DA58-4706-B627-092A3A9E1131}.Debug|Any CPU.ActiveCfg = Debug|Any CPU
		{22553C1C-DA58-4706-B627-092A3A9E1131}.Debug|Any CPU.Build.0 = Debug|Any CPU
		{22553C1C-DA58-4706-B627-092A3A9E1131}.Release|Any CPU.ActiveCfg = Release|Any CPU
		{22553C1C-DA58-4706-B627-092A3A9E1131}.Release|Any CPU.Build.0 = Release|Any CPU
		{BA6AECD7-2228-4A79-A9D5-CEC618B63BEC}.Debug|Any CPU.ActiveCfg = Debug|Any CPU
		{BA6AECD7-2228-4A79-A9D5-CEC618B63BEC}.Debug|Any CPU.Build.0 = Debug|Any CPU
		{BA6AECD7-2228-4A79-A9D5-CEC618B63BEC}.Release|Any CPU.ActiveCfg = Release|Any CPU
		{BA6AECD7-2228-4A79-A9D5-CEC618B63BEC}.Release|Any CPU.Build.0 = Release|Any CPU
	EndGlobalSection
	GlobalSection(SolutionProperties) = preSolution
		HideSolutionNode = FALSE
	EndGlobalSection
	GlobalSection(ExtensibilityGlobals) = postSolution
		SolutionGuid = {B5E8D774-F9EF-414B-9789-3678D4246E02}
	EndGlobalSection
EndGlobal
